// !$*UTF8*$!
{
	archiveVersion = 1;
	classes = {
	};
	objectVersion = 46;
	objects = {

/* Begin PBXBuildFile section */
		234574D8163F6659005BC596 /* BNRImageStore.m in Sources */ = {isa = PBXBuildFile; fileRef = 234574D7163F6659005BC596 /* BNRImageStore.m */; };
		23F1CCA91638FA97008E219B /* DetailViewController.m in Sources */ = {isa = PBXBuildFile; fileRef = 23F1CCA71638FA97008E219B /* DetailViewController.m */; };
		23F1CCAA1638FA97008E219B /* DetailViewController.xib in Resources */ = {isa = PBXBuildFile; fileRef = 23F1CCA81638FA97008E219B /* DetailViewController.xib */; };
		23FAE70516339BE300AA23EA /* UIKit.framework in Frameworks */ = {isa = PBXBuildFile; fileRef = 23FAE70416339BE300AA23EA /* UIKit.framework */; };
		23FAE70716339BE300AA23EA /* Foundation.framework in Frameworks */ = {isa = PBXBuildFile; fileRef = 23FAE70616339BE300AA23EA /* Foundation.framework */; };
		23FAE70916339BE300AA23EA /* CoreGraphics.framework in Frameworks */ = {isa = PBXBuildFile; fileRef = 23FAE70816339BE300AA23EA /* CoreGraphics.framework */; };
		23FAE70F16339BE300AA23EA /* InfoPlist.strings in Resources */ = {isa = PBXBuildFile; fileRef = 23FAE70D16339BE300AA23EA /* InfoPlist.strings */; };
		23FAE71116339BE300AA23EA /* main.m in Sources */ = {isa = PBXBuildFile; fileRef = 23FAE71016339BE300AA23EA /* main.m */; };
		23FAE71516339BE300AA23EA /* HomepwnerAppDelegate.m in Sources */ = {isa = PBXBuildFile; fileRef = 23FAE71416339BE300AA23EA /* HomepwnerAppDelegate.m */; };
		23FAE71716339BE300AA23EA /* Default.png in Resources */ = {isa = PBXBuildFile; fileRef = 23FAE71616339BE300AA23EA /* Default.png */; };
		23FAE71916339BE300AA23EA /* Default@2x.png in Resources */ = {isa = PBXBuildFile; fileRef = 23FAE71816339BE300AA23EA /* Default@2x.png */; };
		23FAE71B16339BE300AA23EA /* Default-568h@2x.png in Resources */ = {isa = PBXBuildFile; fileRef = 23FAE71A16339BE300AA23EA /* Default-568h@2x.png */; };
		23FAE72716339CB300AA23EA /* ItemsViewController.m in Sources */ = {isa = PBXBuildFile; fileRef = 23FAE72616339CB300AA23EA /* ItemsViewController.m */; };
		23FAE72B16339FC500AA23EA /* BNRItem.m in Sources */ = {isa = PBXBuildFile; fileRef = 23FAE72A16339FC500AA23EA /* BNRItem.m */; };
		23FAE72E1633A09000AA23EA /* BNRItemStore.m in Sources */ = {isa = PBXBuildFile; fileRef = 23FAE72D1633A09000AA23EA /* BNRItemStore.m */; };
		23FB818D163B9E3D005097D3 /* ChangeDateViewController.m in Sources */ = {isa = PBXBuildFile; fileRef = 23FB818B163B9E3D005097D3 /* ChangeDateViewController.m */; };
		23FB818E163B9E3D005097D3 /* ChangeDateViewController.xib in Resources */ = {isa = PBXBuildFile; fileRef = 23FB818C163B9E3D005097D3 /* ChangeDateViewController.xib */; };
/* End PBXBuildFile section */

/* Begin PBXFileReference section */
		234574D6163F6659005BC596 /* BNRImageStore.h */ = {isa = PBXFileReference; fileEncoding = 4; lastKnownFileType = sourcecode.c.h; path = BNRImageStore.h; sourceTree = "<group>"; };
		234574D7163F6659005BC596 /* BNRImageStore.m */ = {isa = PBXFileReference; fileEncoding = 4; lastKnownFileType = sourcecode.c.objc; path = BNRImageStore.m; sourceTree = "<group>"; };
		23F1CCA61638FA97008E219B /* DetailViewController.h */ = {isa = PBXFileReference; fileEncoding = 4; lastKnownFileType = sourcecode.c.h; path = DetailViewController.h; sourceTree = "<group>"; };
		23F1CCA71638FA97008E219B /* DetailViewController.m */ = {isa = PBXFileReference; fileEncoding = 4; lastKnownFileType = sourcecode.c.objc; path = DetailViewController.m; sourceTree = "<group>"; };
		23F1CCA81638FA97008E219B /* DetailViewController.xib */ = {isa = PBXFileReference; fileEncoding = 4; lastKnownFileType = file.xib; path = DetailViewController.xib; sourceTree = "<group>"; };
		23FAE70016339BE300AA23EA /* Homepwner.app */ = {isa = PBXFileReference; explicitFileType = wrapper.application; includeInIndex = 0; path = Homepwner.app; sourceTree = BUILT_PRODUCTS_DIR; };
		23FAE70416339BE300AA23EA /* UIKit.framework */ = {isa = PBXFileReference; lastKnownFileType = wrapper.framework; name = UIKit.framework; path = System/Library/Frameworks/UIKit.framework; sourceTree = SDKROOT; };
		23FAE70616339BE300AA23EA /* Foundation.framework */ = {isa = PBXFileReference; lastKnownFileType = wrapper.framework; name = Foundation.framework; path = System/Library/Frameworks/Foundation.framework; sourceTree = SDKROOT; };
		23FAE70816339BE300AA23EA /* CoreGraphics.framework */ = {isa = PBXFileReference; lastKnownFileType = wrapper.framework; name = CoreGraphics.framework; path = System/Library/Frameworks/CoreGraphics.framework; sourceTree = SDKROOT; };
		23FAE70C16339BE300AA23EA /* Homepwner-Info.plist */ = {isa = PBXFileReference; lastKnownFileType = text.plist.xml; path = "Homepwner-Info.plist"; sourceTree = "<group>"; };
		23FAE70E16339BE300AA23EA /* en */ = {isa = PBXFileReference; lastKnownFileType = text.plist.strings; name = en; path = en.lproj/InfoPlist.strings; sourceTree = "<group>"; };
		23FAE71016339BE300AA23EA /* main.m */ = {isa = PBXFileReference; lastKnownFileType = sourcecode.c.objc; path = main.m; sourceTree = "<group>"; };
		23FAE71216339BE300AA23EA /* Homepwner-Prefix.pch */ = {isa = PBXFileReference; lastKnownFileType = sourcecode.c.h; path = "Homepwner-Prefix.pch"; sourceTree = "<group>"; };
		23FAE71316339BE300AA23EA /* HomepwnerAppDelegate.h */ = {isa = PBXFileReference; lastKnownFileType = sourcecode.c.h; path = HomepwnerAppDelegate.h; sourceTree = "<group>"; };
		23FAE71416339BE300AA23EA /* HomepwnerAppDelegate.m */ = {isa = PBXFileReference; lastKnownFileType = sourcecode.c.objc; path = HomepwnerAppDelegate.m; sourceTree = "<group>"; };
		23FAE71616339BE300AA23EA /* Default.png */ = {isa = PBXFileReference; lastKnownFileType = image.png; path = Default.png; sourceTree = "<group>"; };
		23FAE71816339BE300AA23EA /* Default@2x.png */ = {isa = PBXFileReference; lastKnownFileType = image.png; path = "Default@2x.png"; sourceTree = "<group>"; };
		23FAE71A16339BE300AA23EA /* Default-568h@2x.png */ = {isa = PBXFileReference; lastKnownFileType = image.png; path = "Default-568h@2x.png"; sourceTree = "<group>"; };
		23FAE72516339CB300AA23EA /* ItemsViewController.h */ = {isa = PBXFileReference; fileEncoding = 4; lastKnownFileType = sourcecode.c.h; path = ItemsViewController.h; sourceTree = "<group>"; };
		23FAE72616339CB300AA23EA /* ItemsViewController.m */ = {isa = PBXFileReference; fileEncoding = 4; lastKnownFileType = sourcecode.c.objc; path = ItemsViewController.m; sourceTree = "<group>"; };
		23FAE72916339FC500AA23EA /* BNRItem.h */ = {isa = PBXFileReference; fileEncoding = 4; lastKnownFileType = sourcecode.c.h; path = BNRItem.h; sourceTree = "<group>"; };
		23FAE72A16339FC500AA23EA /* BNRItem.m */ = {isa = PBXFileReference; fileEncoding = 4; lastKnownFileType = sourcecode.c.objc; path = BNRItem.m; sourceTree = "<group>"; };
		23FAE72C1633A09000AA23EA /* BNRItemStore.h */ = {isa = PBXFileReference; fileEncoding = 4; lastKnownFileType = sourcecode.c.h; path = BNRItemStore.h; sourceTree = "<group>"; };
		23FAE72D1633A09000AA23EA /* BNRItemStore.m */ = {isa = PBXFileReference; fileEncoding = 4; lastKnownFileType = sourcecode.c.objc; path = BNRItemStore.m; sourceTree = "<group>"; };
		23FB818A163B9E3D005097D3 /* ChangeDateViewController.h */ = {isa = PBXFileReference; fileEncoding = 4; lastKnownFileType = sourcecode.c.h; path = ChangeDateViewController.h; sourceTree = "<group>"; };
		23FB818B163B9E3D005097D3 /* ChangeDateViewController.m */ = {isa = PBXFileReference; fileEncoding = 4; lastKnownFileType = sourcecode.c.objc; path = ChangeDateViewController.m; sourceTree = "<group>"; };
		23FB818C163B9E3D005097D3 /* ChangeDateViewController.xib */ = {isa = PBXFileReference; fileEncoding = 4; lastKnownFileType = file.xib; path = ChangeDateViewController.xib; sourceTree = "<group>"; };
/* End PBXFileReference section */

/* Begin PBXFrameworksBuildPhase section */
		23FAE6FD16339BE300AA23EA /* Frameworks */ = {
			isa = PBXFrameworksBuildPhase;
			buildActionMask = 2147483647;
			files = (
				23FAE70516339BE300AA23EA /* UIKit.framework in Frameworks */,
				23FAE70716339BE300AA23EA /* Foundation.framework in Frameworks */,
				23FAE70916339BE300AA23EA /* CoreGraphics.framework in Frameworks */,
			);
			runOnlyForDeploymentPostprocessing = 0;
		};
/* End PBXFrameworksBuildPhase section */

/* Begin PBXGroup section */
		23FAE6F516339BE300AA23EA = {
			isa = PBXGroup;
			children = (
				23FAE70A16339BE300AA23EA /* Homepwner */,
				23FAE70316339BE300AA23EA /* Frameworks */,
				23FAE70116339BE300AA23EA /* Products */,
			);
			sourceTree = "<group>";
		};
		23FAE70116339BE300AA23EA /* Products */ = {
			isa = PBXGroup;
			children = (
				23FAE70016339BE300AA23EA /* Homepwner.app */,
			);
			name = Products;
			sourceTree = "<group>";
		};
		23FAE70316339BE300AA23EA /* Frameworks */ = {
			isa = PBXGroup;
			children = (
				23FAE70416339BE300AA23EA /* UIKit.framework */,
				23FAE70616339BE300AA23EA /* Foundation.framework */,
				23FAE70816339BE300AA23EA /* CoreGraphics.framework */,
			);
			name = Frameworks;
			sourceTree = "<group>";
		};
		23FAE70A16339BE300AA23EA /* Homepwner */ = {
			isa = PBXGroup;
			children = (
				234574D6163F6659005BC596 /* BNRImageStore.h */,
				234574D7163F6659005BC596 /* BNRImageStore.m */,
				23FAE72916339FC500AA23EA /* BNRItem.h */,
				23FAE72A16339FC500AA23EA /* BNRItem.m */,
				23FAE72C1633A09000AA23EA /* BNRItemStore.h */,
				23FAE72D1633A09000AA23EA /* BNRItemStore.m */,
				23FB818A163B9E3D005097D3 /* ChangeDateViewController.h */,
				23FB818B163B9E3D005097D3 /* ChangeDateViewController.m */,
				23FB818C163B9E3D005097D3 /* ChangeDateViewController.xib */,
				23F1CCA61638FA97008E219B /* DetailViewController.h */,
				23F1CCA71638FA97008E219B /* DetailViewController.m */,
				23F1CCA81638FA97008E219B /* DetailViewController.xib */,
				23FAE71316339BE300AA23EA /* HomepwnerAppDelegate.h */,
				23FAE71416339BE300AA23EA /* HomepwnerAppDelegate.m */,
				23FAE72516339CB300AA23EA /* ItemsViewController.h */,
				23FAE72616339CB300AA23EA /* ItemsViewController.m */,
				23FAE70B16339BE300AA23EA /* Supporting Files */,
			);
			path = Homepwner;
			sourceTree = "<group>";
		};
		23FAE70B16339BE300AA23EA /* Supporting Files */ = {
			isa = PBXGroup;
			children = (
				23FAE70C16339BE300AA23EA /* Homepwner-Info.plist */,
				23FAE70D16339BE300AA23EA /* InfoPlist.strings */,
				23FAE71016339BE300AA23EA /* main.m */,
				23FAE71216339BE300AA23EA /* Homepwner-Prefix.pch */,
				23FAE71616339BE300AA23EA /* Default.png */,
				23FAE71816339BE300AA23EA /* Default@2x.png */,
				23FAE71A16339BE300AA23EA /* Default-568h@2x.png */,
			);
			name = "Supporting Files";
			sourceTree = "<group>";
		};
/* End PBXGroup section */

/* Begin PBXNativeTarget section */
		23FAE6FF16339BE300AA23EA /* Homepwner */ = {
			isa = PBXNativeTarget;
			buildConfigurationList = 23FAE71E16339BE300AA23EA /* Build configuration list for PBXNativeTarget "Homepwner" */;
			buildPhases = (
				23FAE6FC16339BE300AA23EA /* Sources */,
				23FAE6FD16339BE300AA23EA /* Frameworks */,
				23FAE6FE16339BE300AA23EA /* Resources */,
			);
			buildRules = (
			);
			dependencies = (
			);
			name = Homepwner;
			productName = Homepwner;
			productReference = 23FAE70016339BE300AA23EA /* Homepwner.app */;
			productType = "com.apple.product-type.application";
		};
/* End PBXNativeTarget section */

/* Begin PBXProject section */
		23FAE6F716339BE300AA23EA /* Project object */ = {
			isa = PBXProject;
			attributes = {
				CLASSPREFIX = Homepwner;
				LastUpgradeCheck = 0450;
				ORGANIZATIONNAME = "Carlo Andaya";
			};
			buildConfigurationList = 23FAE6FA16339BE300AA23EA /* Build configuration list for PBXProject "Homepwner" */;
			compatibilityVersion = "Xcode 3.2";
			developmentRegion = English;
			hasScannedForEncodings = 0;
			knownRegions = (
				en,
			);
			mainGroup = 23FAE6F516339BE300AA23EA;
			productRefGroup = 23FAE70116339BE300AA23EA /* Products */;
			projectDirPath = "";
			projectRoot = "";
			targets = (
				23FAE6FF16339BE300AA23EA /* Homepwner */,
			);
		};
/* End PBXProject section */

/* Begin PBXResourcesBuildPhase section */
		23FAE6FE16339BE300AA23EA /* Resources */ = {
			isa = PBXResourcesBuildPhase;
			buildActionMask = 2147483647;
			files = (
				23FAE70F16339BE300AA23EA /* InfoPlist.strings in Resources */,
				23FAE71716339BE300AA23EA /* Default.png in Resources */,
				23FAE71916339BE300AA23EA /* Default@2x.png in Resources */,
				23FAE71B16339BE300AA23EA /* Default-568h@2x.png in Resources */,
				23F1CCAA1638FA97008E219B /* DetailViewController.xib in Resources */,
				23FB818E163B9E3D005097D3 /* ChangeDateViewController.xib in Resources */,
			);
			runOnlyForDeploymentPostprocessing = 0;
		};
/* End PBXResourcesBuildPhase section */

/* Begin PBXSourcesBuildPhase section */
		23FAE6FC16339BE300AA23EA /* Sources */ = {
			isa = PBXSourcesBuildPhase;
			buildActionMask = 2147483647;
			files = (
				23FAE71116339BE300AA23EA /* main.m in Sources */,
				23FAE71516339BE300AA23EA /* HomepwnerAppDelegate.m in Sources */,
				23FAE72716339CB300AA23EA /* ItemsViewController.m in Sources */,
				23FAE72B16339FC500AA23EA /* BNRItem.m in Sources */,
				23FAE72E1633A09000AA23EA /* BNRItemStore.m in Sources */,
				23F1CCA91638FA97008E219B /* DetailViewController.m in Sources */,
				23FB818D163B9E3D005097D3 /* ChangeDateViewController.m in Sources */,
				234574D8163F6659005BC596 /* BNRImageStore.m in Sources */,
			);
			runOnlyForDeploymentPostprocessing = 0;
		};
/* End PBXSourcesBuildPhase section */

/* Begin PBXVariantGroup section */
		23FAE70D16339BE300AA23EA /* InfoPlist.strings */ = {
			isa = PBXVariantGroup;
			children = (
				23FAE70E16339BE300AA23EA /* en */,
			);
			name = InfoPlist.strings;
			sourceTree = "<group>";
		};
/* End PBXVariantGroup section */

/* Begin XCBuildConfiguration section */
		23FAE71C16339BE300AA23EA /* Debug */ = {
			isa = XCBuildConfiguration;
			buildSettings = {
				ALWAYS_SEARCH_USER_PATHS = NO;
				CLANG_CXX_LANGUAGE_STANDARD = "gnu++0x";
				CLANG_CXX_LIBRARY = "libc++";
				CLANG_ENABLE_OBJC_ARC = YES;
				CLANG_WARN_EMPTY_BODY = YES;
				CLANG_WARN__DUPLICATE_METHOD_MATCH = YES;
				"CODE_SIGN_IDENTITY[sdk=iphoneos*]" = "iPhone Developer";
				COPY_PHASE_STRIP = NO;
				GCC_C_LANGUAGE_STANDARD = gnu99;
				GCC_DYNAMIC_NO_PIC = NO;
				GCC_OPTIMIZATION_LEVEL = 0;
				GCC_PREPROCESSOR_DEFINITIONS = (
					"DEBUG=1",
					"$(inherited)",
				);
				GCC_SYMBOLS_PRIVATE_EXTERN = NO;
				GCC_WARN_ABOUT_RETURN_TYPE = YES;
				GCC_WARN_UNINITIALIZED_AUTOS = YES;
				GCC_WARN_UNUSED_VARIABLE = YES;
				IPHONEOS_DEPLOYMENT_TARGET = 6.0;
				ONLY_ACTIVE_ARCH = YES;
				SDKROOT = iphoneos;
			};
			name = Debug;
		};
		23FAE71D16339BE300AA23EA /* Release */ = {
			isa = XCBuildConfiguration;
			buildSettings = {
				ALWAYS_SEARCH_USER_PATHS = NO;
				CLANG_CXX_LANGUAGE_STANDARD = "gnu++0x";
				CLANG_CXX_LIBRARY = "libc++";
				CLANG_ENABLE_OBJC_ARC = YES;
				CLANG_WARN_EMPTY_BODY = YES;
				CLANG_WARN__DUPLICATE_METHOD_MATCH = YES;
				"CODE_SIGN_IDENTITY[sdk=iphoneos*]" = "iPhone Developer";
				COPY_PHASE_STRIP = YES;
				GCC_C_LANGUAGE_STANDARD = gnu99;
				GCC_WARN_ABOUT_RETURN_TYPE = YES;
				GCC_WARN_UNINITIALIZED_AUTOS = YES;
				GCC_WARN_UNUSED_VARIABLE = YES;
				IPHONEOS_DEPLOYMENT_TARGET = 6.0;
				OTHER_CFLAGS = "-DNS_BLOCK_ASSERTIONS=1";
				SDKROOT = iphoneos;
				VALIDATE_PRODUCT = YES;
			};
			name = Release;
		};
		23FAE71F16339BE300AA23EA /* Debug */ = {
			isa = XCBuildConfiguration;
			buildSettings = {
				GCC_PRECOMPILE_PREFIX_HEADER = YES;
				GCC_PREFIX_HEADER = "Homepwner/Homepwner-Prefix.pch";
				INFOPLIST_FILE = "Homepwner/Homepwner-Info.plist";
				IPHONEOS_DEPLOYMENT_TARGET = 6.0;
				PRODUCT_NAME = "$(TARGET_NAME)";
				TARGETED_DEVICE_FAMILY = "1,2";
				WRAPPER_EXTENSION = app;
			};
			name = Debug;
		};
		23FAE72016339BE300AA23EA /* Release */ = {
			isa = XCBuildConfiguration;
			buildSettings = {
				GCC_PRECOMPILE_PREFIX_HEADER = YES;
				GCC_PREFIX_HEADER = "Homepwner/Homepwner-Prefix.pch";
				INFOPLIST_FILE = "Homepwner/Homepwner-Info.plist";
				IPHONEOS_DEPLOYMENT_TARGET = 6.0;
				PRODUCT_NAME = "$(TARGET_NAME)";
				TARGETED_DEVICE_FAMILY = "1,2";
				WRAPPER_EXTENSION = app;
			};
			name = Release;
		};
/* End XCBuildConfiguration section */

/* Begin XCConfigurationList section */
		23FAE6FA16339BE300AA23EA /* Build configuration list for PBXProject "Homepwner" */ = {
			isa = XCConfigurationList;
			buildConfigurations = (
				23FAE71C16339BE300AA23EA /* Debug */,
				23FAE71D16339BE300AA23EA /* Release */,
			);
			defaultConfigurationIsVisible = 0;
			defaultConfigurationName = Release;
		};
		23FAE71E16339BE300AA23EA /* Build configuration list for PBXNativeTarget "Homepwner" */ = {
			isa = XCConfigurationList;
			buildConfigurations = (
				23FAE71F16339BE300AA23EA /* Debug */,
				23FAE72016339BE300AA23EA /* Release */,
			);
			defaultConfigurationIsVisible = 0;
			defaultConfigurationName = Release;
		};
/* End XCConfigurationList section */
	};
	rootObject = 23FAE6F716339BE300AA23EA /* Project object */;
}
